
Microsoft Visual Studio Solution File, Format Version 12.00
# Visual Studio Version 17
VisualStudioVersion = 17.13.35806.99 d17.13
MinimumVisualStudioVersion = 10.0.40219.1
Project("{FAE04EC0-301F-11D3-BF4B-00C04F79EFBC}") = "QuanLyQuanCaPhe", "Login_6_Cong\QuanLyQuanCaPhe.csproj", "{9E1CA138-F4FD-4187-829A-96336EFBD437}"
EndProject
Global
	GlobalSection(SolutionConfigurationPlatforms) = preSolution
		Debug|Any CPU = Debug|Any CPU
		Release|Any CPU = Release|Any CPU
	EndGlobalSection
	GlobalSection(ProjectConfigurationPlatforms) = postSolution
		{9E1CA138-F4FD-4187-829A-96336EFBD437}.Debug|Any CPU.ActiveCfg = Debug|Any CPU
		{9E1CA138-F4FD-4187-829A-96336EFBD437}.Debug|Any CPU.Build.0 = Debug|Any CPU
		{9E1CA138-F4FD-4187-829A-96336EFBD437}.Release|Any CPU.ActiveCfg = Release|Any CPU
		{9E1CA138-F4FD-4187-829A-96336EFBD437}.Release|Any CPU.Build.0 = Release|Any CPU
	EndGlobalSection
	GlobalSection(SolutionProperties) = preSolution
		HideSolutionNode = FALSE
	EndGlobalSection
	GlobalSection(ExtensibilityGlobals) = postSolution
		SolutionGuid = {0D932FB4-5495-49CD-8286-752D7833FF2D}
	EndGlobalSection
EndGlobal
